
Microsoft Visual Studio Solution File, Format Version 12.00
# Visual Studio 15
VisualStudioVersion = 15.0.27130.2003
MinimumVisualStudioVersion = 10.0.40219.1
Project("{8BC9CEB8-8B4A-11D0-8D11-00A0C91BC942}") = "Search_01_Linear_Search", "Search_01_Linear_Search\Search_01_Linear_Search.vcxproj", "{AB9D2F04-7EC2-48DD-806C-568F706EE995}"
EndProject
Project("{8BC9CEB8-8B4A-11D0-8D11-00A0C91BC942}") = "Search_02_Linear_Search_v2", "Search_02_Linear_Search_v2\Search_02_Linear_Search_v2.vcxproj", "{66E88C9F-8A19-473E-AB3A-0C04C8768FE8}"
EndProject
Project("{8BC9CEB8-8B4A-11D0-8D11-00A0C91BC942}") = "Search_03_Binary_Search", "Search_03_Binary_Search\Search_03_Binary_Search.vcxproj", "{3F5514B4-3077-44EE-8C58-EC7225D5ADD7}"
EndProject
Global
	GlobalSection(SolutionConfigurationPlatforms) = preSolution
		Debug|x64 = Debug|x64
		Debug|x86 = Debug|x86
		Release|x64 = Release|x64
		Release|x86 = Release|x86
	EndGlobalSection
	GlobalSection(ProjectConfigurationPlatforms) = postSolution
		{AB9D2F04-7EC2-48DD-806C-568F706EE995}.Debug|x64.ActiveCfg = Debug|x64
		{AB9D2F04-7EC2-48DD-806C-568F706EE995}.Debug|x64.Build.0 = Debug|x64
		{AB9D2F04-7EC2-48DD-806C-568F706EE995}.Debug|x86.ActiveCfg = Debug|Win32
		{AB9D2F04-7EC2-48DD-806C-568F706EE995}.Debug|x86.Build.0 = Debug|Win32
		{AB9D2F04-7EC2-48DD-806C-568F706EE995}.Release|x64.ActiveCfg = Release|x64
		{AB9D2F04-7EC2-48DD-806C-568F706EE995}.Release|x64.Build.0 = Release|x64
		{AB9D2F04-7EC2-48DD-806C-568F706EE995}.Release|x86.ActiveCfg = Release|Win32
		{AB9D2F04-7EC2-48DD-806C-568F706EE995}.Release|x86.Build.0 = Release|Win32
		{66E88C9F-8A19-473E-AB3A-0C04C8768FE8}.Debug|x64.ActiveCfg = Debug|x64
		{66E88C9F-8A19-473E-AB3A-0C04C8768FE8}.Debug|x64.Build.0 = Debug|x64
		{66E88C9F-8A19-473E-AB3A-0C04C8768FE8}.Debug|x86.ActiveCfg = Debug|Win32
		{66E88C9F-8A19-473E-AB3A-0C04C8768FE8}.Debug|x86.Build.0 = Debug|Win32
		{66E88C9F-8A19-473E-AB3A-0C04C8768FE8}.Release|x64.ActiveCfg = Release|x64
		{66E88C9F-8A19-473E-AB3A-0C04C8768FE8}.Release|x64.Build.0 = Release|x64
		{66E88C9F-8A19-473E-AB3A-0C04C8768FE8}.Release|x86.ActiveCfg = Release|Win32
		{66E88C9F-8A19-473E-AB3A-0C04C8768FE8}.Release|x86.Build.0 = Release|Win32
		{3F5514B4-3077-44EE-8C58-EC7225D5ADD7}.Debug|x64.ActiveCfg = Debug|x64
		{3F5514B4-3077-44EE-8C58-EC7225D5ADD7}.Debug|x64.Build.0 = Debug|x64
		{3F5514B4-3077-44EE-8C58-EC7225D5ADD7}.Debug|x86.ActiveCfg = Debug|Win32
		{3F5514B4-3077-44EE-8C58-EC7225D5ADD7}.Debug|x86.Build.0 = Debug|Win32
		{3F5514B4-3077-44EE-8C58-EC7225D5ADD7}.Release|x64.ActiveCfg = Release|x64
		{3F5514B4-3077-44EE-8C58-EC7225D5ADD7}.Release|x64.Build.0 = Release|x64
		{3F5514B4-3077-44EE-8C58-EC7225D5ADD7}.Release|x86.ActiveCfg = Release|Win32
		{3F5514B4-3077-44EE-8C58-EC7225D5ADD7}.Release|x86.Build.0 = Release|Win32
	EndGlobalSection
	GlobalSection(SolutionProperties) = preSolution
		HideSolutionNode = FALSE
	EndGlobalSection
	GlobalSection(ExtensibilityGlobals) = postSolution
		SolutionGuid = {8E93930C-5FDD-4FC9-997F-2B3D4318C99B}
	EndGlobalSection
EndGlobal
